# THIS IS AN AUTOGENERATED FILE. DO NOT EDIT THIS FILE DIRECTLY.
# yarn lockfile v1


"@types/vscode@^1.0.0":
  version "1.86.0"
  resolved "https://registry.yarnpkg.com/@types/vscode/-/vscode-1.86.0.tgz#5d5f233137b27e51d7ad1462600005741296357a"
  integrity sha512-DnIXf2ftWv+9LWOB5OJeIeaLigLHF7fdXF6atfc7X5g2w/wVZBgk0amP7b+ub5xAuW1q7qP5YcFvOcit/DtyCQ==

typescript@^4.5.4:
  version "4.9.5"
  resolved "https://registry.yarnpkg.com/typescript/-/typescript-4.9.5.tgz#095979f9bcc0d09da324d58d03ce8f8374cbe65a"
  integrity sha512-1FXk9E2Hm+QzZQ7z+McJiHL4NW1F2EzMu9Nq9i3zAaGqibafqYwCVU6WyWAuyQRRzOlxou8xZSyXLEN8oKj24g==
